
Microsoft Visual Studio Solution File, Format Version 12.00
# Visual Studio 14
VisualStudioVersion = 14.0.24720.0
MinimumVisualStudioVersion = 10.0.40219.1
Project("{FAE04EC0-301F-11D3-BF4B-00C04F79EFBC}") = "WinCourse", "WinCourse\WinCourse.csproj", "{3535F783-A756-4B26-B7AB-46FEFA8BFC4F}"
EndProject
Project("{FAE04EC0-301F-11D3-BF4B-00C04F79EFBC}") = "Model", "..\..\..\..\Documents\Tencent Files\44498862\FileRecv\Con_Score\Model\Model.csproj", "{931CED1C-BC98-4461-BDA3-291AC77146C2}"
EndProject
Global
	GlobalSection(SolutionConfigurationPlatforms) = preSolution
		Debug|Any CPU = Debug|Any CPU
		Release|Any CPU = Release|Any CPU
	EndGlobalSection
	GlobalSection(ProjectConfigurationPlatforms) = postSolution
		{3535F783-A756-4B26-B7AB-46FEFA8BFC4F}.Debug|Any CPU.ActiveCfg = Debug|Any CPU
		{3535F783-A756-4B26-B7AB-46FEFA8BFC4F}.Debug|Any CPU.Build.0 = Debug|Any CPU
		{3535F783-A756-4B26-B7AB-46FEFA8BFC4F}.Release|Any CPU.ActiveCfg = Release|Any CPU
		{3535F783-A756-4B26-B7AB-46FEFA8BFC4F}.Release|Any CPU.Build.0 = Release|Any CPU
		{931CED1C-BC98-4461-BDA3-291AC77146C2}.Debug|Any CPU.ActiveCfg = Debug|Any CPU
		{931CED1C-BC98-4461-BDA3-291AC77146C2}.Debug|Any CPU.Build.0 = Debug|Any CPU
		{931CED1C-BC98-4461-BDA3-291AC77146C2}.Release|Any CPU.ActiveCfg = Release|Any CPU
		{931CED1C-BC98-4461-BDA3-291AC77146C2}.Release|Any CPU.Build.0 = Release|Any CPU
	EndGlobalSection
	GlobalSection(SolutionProperties) = preSolution
		HideSolutionNode = FALSE
	EndGlobalSection
EndGlobal
